
Microsoft Visual Studio Solution File, Format Version 12.00
# Visual Studio 15
VisualStudioVersion = 15.0.28307.1684
MinimumVisualStudioVersion = 10.0.40219.1
Project("{FAE04EC0-301F-11D3-BF4B-00C04F79EFBC}") = "Flashminder", "Flashminder\Flashminder.csproj", "{29B7FB94-D057-41C1-818F-33DD08229C1D}"
EndProject
Global
	GlobalSection(SolutionConfigurationPlatforms) = preSolution
		Debug|Any CPU = Debug|Any CPU
		Release|Any CPU = Release|Any CPU
	EndGlobalSection
	GlobalSection(ProjectConfigurationPlatforms) = postSolution
		{29B7FB94-D057-41C1-818F-33DD08229C1D}.Debug|Any CPU.ActiveCfg = Debug|Any CPU
		{29B7FB94-D057-41C1-818F-33DD08229C1D}.Debug|Any CPU.Build.0 = Debug|Any CPU
		{29B7FB94-D057-41C1-818F-33DD08229C1D}.Release|Any CPU.ActiveCfg = Release|Any CPU
		{29B7FB94-D057-41C1-818F-33DD08229C1D}.Release|Any CPU.Build.0 = Release|Any CPU
	EndGlobalSection
	GlobalSection(SolutionProperties) = preSolution
		HideSolutionNode = FALSE
	EndGlobalSection
	GlobalSection(ExtensibilityGlobals) = postSolution
		SolutionGuid = {C15694DA-EE47-4D1D-85D2-924B23BC4E33}
	EndGlobalSection
EndGlobal
